// !$*UTF8*$!
{
	archiveVersion = 1;
	classes = {
	};
	objectVersion = 55;
	objects = {

/* Begin PBXBuildFile section */
		271CB25127D6569700615359 /* ArcadeGameTemplateApp.swift in Sources */ = {isa = PBXBuildFile; fileRef = 271CB25027D6569700615359 /* ArcadeGameTemplateApp.swift */; };
		271CB25327D6569700615359 /* ContentView.swift in Sources */ = {isa = PBXBuildFile; fileRef = 271CB25227D6569700615359 /* ContentView.swift */; };
		271CB25527D6569900615359 /* Assets.xcassets in Resources */ = {isa = PBXBuildFile; fileRef = 271CB25427D6569900615359 /* Assets.xcassets */; };
		271CB25827D6569900615359 /* Preview Assets.xcassets in Resources */ = {isa = PBXBuildFile; fileRef = 271CB25727D6569900615359 /* Preview Assets.xcassets */; };
		271CB25F27D656A800615359 /* ArcadeGameLogic.swift in Sources */ = {isa = PBXBuildFile; fileRef = 271CB25E27D656A800615359 /* ArcadeGameLogic.swift */; };
		271CB26127D656BA00615359 /* MainScreenView.swift in Sources */ = {isa = PBXBuildFile; fileRef = 271CB26027D656BA00615359 /* MainScreenView.swift */; };
		271CB26327D656C100615359 /* ArcadeGameView.swift in Sources */ = {isa = PBXBuildFile; fileRef = 271CB26227D656C100615359 /* ArcadeGameView.swift */; };
		271CB26827D6570800615359 /* GameOverView.swift in Sources */ = {isa = PBXBuildFile; fileRef = 271CB26727D6570800615359 /* GameOverView.swift */; };
		271CB26B27D6659600615359 /* Constants.swift in Sources */ = {isa = PBXBuildFile; fileRef = 271CB26A27D6659600615359 /* Constants.swift */; };
		271CB26E27D6A58A00615359 /* ArcadeGameScene.swift in Sources */ = {isa = PBXBuildFile; fileRef = 271CB26D27D6A58A00615359 /* ArcadeGameScene.swift */; };
		271CB27027D74CAF00615359 /* GameDurationView.swift in Sources */ = {isa = PBXBuildFile; fileRef = 271CB26F27D74CAF00615359 /* GameDurationView.swift */; };
		271CB27227D74CB900615359 /* GameScoreView.swift in Sources */ = {isa = PBXBuildFile; fileRef = 271CB27127D74CB900615359 /* GameScoreView.swift */; };
		671C738C2B2B1F6700FA90F5 /* backgroundMusic.mp3 in Resources */ = {isa = PBXBuildFile; fileRef = 671C738B2B2B1F6700FA90F5 /* backgroundMusic.mp3 */; };
/* End PBXBuildFile section */

/* Begin PBXFileReference section */
		271CB24D27D6569700615359 /* ArcadeGameTemplate.app */ = {isa = PBXFileReference; explicitFileType = wrapper.application; includeInIndex = 0; path = ArcadeGameTemplate.app; sourceTree = BUILT_PRODUCTS_DIR; };
		271CB25027D6569700615359 /* ArcadeGameTemplateApp.swift */ = {isa = PBXFileReference; lastKnownFileType = sourcecode.swift; path = ArcadeGameTemplateApp.swift; sourceTree = "<group>"; };
		271CB25227D6569700615359 /* ContentView.swift */ = {isa = PBXFileReference; lastKnownFileType = sourcecode.swift; path = ContentView.swift; sourceTree = "<group>"; };
		271CB25427D6569900615359 /* Assets.xcassets */ = {isa = PBXFileReference; lastKnownFileType = folder.assetcatalog; path = Assets.xcassets; sourceTree = "<group>"; };
		271CB25727D6569900615359 /* Preview Assets.xcassets */ = {isa = PBXFileReference; lastKnownFileType = folder.assetcatalog; path = "Preview Assets.xcassets"; sourceTree = "<group>"; };
		271CB25E27D656A800615359 /* ArcadeGameLogic.swift */ = {isa = PBXFileReference; lastKnownFileType = sourcecode.swift; path = ArcadeGameLogic.swift; sourceTree = "<group>"; };
		271CB26027D656BA00615359 /* MainScreenView.swift */ = {isa = PBXFileReference; lastKnownFileType = sourcecode.swift; path = MainScreenView.swift; sourceTree = "<group>"; };
		271CB26227D656C100615359 /* ArcadeGameView.swift */ = {isa = PBXFileReference; lastKnownFileType = sourcecode.swift; path = ArcadeGameView.swift; sourceTree = "<group>"; };
		271CB26727D6570800615359 /* GameOverView.swift */ = {isa = PBXFileReference; lastKnownFileType = sourcecode.swift; path = GameOverView.swift; sourceTree = "<group>"; };
		271CB26A27D6659600615359 /* Constants.swift */ = {isa = PBXFileReference; lastKnownFileType = sourcecode.swift; path = Constants.swift; sourceTree = "<group>"; };
		271CB26D27D6A58A00615359 /* ArcadeGameScene.swift */ = {isa = PBXFileReference; lastKnownFileType = sourcecode.swift; path = ArcadeGameScene.swift; sourceTree = "<group>"; usesTabs = 0; };
		271CB26F27D74CAF00615359 /* GameDurationView.swift */ = {isa = PBXFileReference; lastKnownFileType = sourcecode.swift; path = GameDurationView.swift; sourceTree = "<group>"; };
		271CB27127D74CB900615359 /* GameScoreView.swift */ = {isa = PBXFileReference; lastKnownFileType = sourcecode.swift; path = GameScoreView.swift; sourceTree = "<group>"; };
		671C738B2B2B1F6700FA90F5 /* backgroundMusic.mp3 */ = {isa = PBXFileReference; explicitFileType = audio.mp3; name = backgroundMusic.mp3; path = ArcadeGameTemplate/backgroundMusic.mp3; sourceTree = "<group>"; };
/* End PBXFileReference section */

/* Begin PBXFrameworksBuildPhase section */
		271CB24A27D6569700615359 /* Frameworks */ = {
			isa = PBXFrameworksBuildPhase;
			buildActionMask = 2147483647;
			files = (
			);
			runOnlyForDeploymentPostprocessing = 0;
		};
/* End PBXFrameworksBuildPhase section */

/* Begin PBXGroup section */
		271CB24427D6569700615359 = {
			isa = PBXGroup;
			children = (
				671C738B2B2B1F6700FA90F5 /* backgroundMusic.mp3 */,
				271CB24F27D6569700615359 /* ArcadeGameTemplate */,
				271CB24E27D6569700615359 /* Products */,
			);
			sourceTree = "<group>";
		};
		271CB24E27D6569700615359 /* Products */ = {
			isa = PBXGroup;
			children = (
				271CB24D27D6569700615359 /* ArcadeGameTemplate.app */,
			);
			name = Products;
			sourceTree = "<group>";
		};
		271CB24F27D6569700615359 /* ArcadeGameTemplate */ = {
			isa = PBXGroup;
			children = (
				271CB25027D6569700615359 /* ArcadeGameTemplateApp.swift */,
				271CB25227D6569700615359 /* ContentView.swift */,
				27EA291327D91416005A20C0 /* Supporting Files */,
				271CB26C27D6A13D00615359 /* Main Screen */,
				271CB26427D656D700615359 /* Game */,
				271CB26927D6571000615359 /* Game Over */,
				271CB25427D6569900615359 /* Assets.xcassets */,
				271CB25627D6569900615359 /* Preview Content */,
			);
			path = ArcadeGameTemplate;
			sourceTree = "<group>";
		};
		271CB25627D6569900615359 /* Preview Content */ = {
			isa = PBXGroup;
			children = (
				271CB25727D6569900615359 /* Preview Assets.xcassets */,
			);
			path = "Preview Content";
			sourceTree = "<group>";
		};
		271CB26427D656D700615359 /* Game */ = {
			isa = PBXGroup;
			children = (
				271CB25E27D656A800615359 /* ArcadeGameLogic.swift */,
				271CB26227D656C100615359 /* ArcadeGameView.swift */,
				271CB26D27D6A58A00615359 /* ArcadeGameScene.swift */,
				271CB26F27D74CAF00615359 /* GameDurationView.swift */,
				271CB27127D74CB900615359 /* GameScoreView.swift */,
			);
			path = Game;
			sourceTree = "<group>";
		};
		271CB26927D6571000615359 /* Game Over */ = {
			isa = PBXGroup;
			children = (
				271CB26727D6570800615359 /* GameOverView.swift */,
			);
			path = "Game Over";
			sourceTree = "<group>";
		};
		271CB26C27D6A13D00615359 /* Main Screen */ = {
			isa = PBXGroup;
			children = (
				271CB26027D656BA00615359 /* MainScreenView.swift */,
			);
			path = "Main Screen";
			sourceTree = "<group>";
		};
		27EA291327D91416005A20C0 /* Supporting Files */ = {
			isa = PBXGroup;
			children = (
				271CB26A27D6659600615359 /* Constants.swift */,
			);
			path = "Supporting Files";
			sourceTree = "<group>";
		};
/* End PBXGroup section */

/* Begin PBXNativeTarget section */
		271CB24C27D6569700615359 /* ArcadeGameTemplate */ = {
			isa = PBXNativeTarget;
			buildConfigurationList = 271CB25B27D6569900615359 /* Build configuration list for PBXNativeTarget "ArcadeGameTemplate" */;
			buildPhases = (
				271CB24927D6569700615359 /* Sources */,
				271CB24A27D6569700615359 /* Frameworks */,
				271CB24B27D6569700615359 /* Resources */,
			);
			buildRules = (
			);
			dependencies = (
			);
			name = ArcadeGameTemplate;
			productName = ArcadeGameTemplate;
			productReference = 271CB24D27D6569700615359 /* ArcadeGameTemplate.app */;
			productType = "com.apple.product-type.application";
		};
/* End PBXNativeTarget section */

/* Begin PBXProject section */
		271CB24527D6569700615359 /* Project object */ = {
			isa = PBXProject;
			attributes = {
				BuildIndependentTargetsInParallel = 1;
				LastSwiftUpdateCheck = 1320;
				LastUpgradeCheck = 1500;
				TargetAttributes = {
					271CB24C27D6569700615359 = {
						CreatedOnToolsVersion = 13.2.1;
					};
				};
			};
			buildConfigurationList = 271CB24827D6569700615359 /* Build configuration list for PBXProject "ArcadeGameTemplate" */;
			compatibilityVersion = "Xcode 13.0";
			developmentRegion = en;
			hasScannedForEncodings = 0;
			knownRegions = (
				en,
				Base,
			);
			mainGroup = 271CB24427D6569700615359;
			productRefGroup = 271CB24E27D6569700615359 /* Products */;
			projectDirPath = "";
			projectRoot = "";
			targets = (
				271CB24C27D6569700615359 /* ArcadeGameTemplate */,
			);
		};
/* End PBXProject section */

/* Begin PBXResourcesBuildPhase section */
		271CB24B27D6569700615359 /* Resources */ = {
			isa = PBXResourcesBuildPhase;
			buildActionMask = 2147483647;
			files = (
				271CB25827D6569900615359 /* Preview Assets.xcassets in Resources */,
				271CB25527D6569900615359 /* Assets.xcassets in Resources */,
				671C738C2B2B1F6700FA90F5 /* backgroundMusic.mp3 in Resources */,
			);
			runOnlyForDeploymentPostprocessing = 0;
		};
/* End PBXResourcesBuildPhase section */

/* Begin PBXSourcesBuildPhase section */
		271CB24927D6569700615359 /* Sources */ = {
			isa = PBXSourcesBuildPhase;
			buildActionMask = 2147483647;
			files = (
				271CB27027D74CAF00615359 /* GameDurationView.swift in Sources */,
				271CB26E27D6A58A00615359 /* ArcadeGameScene.swift in Sources */,
				271CB26127D656BA00615359 /* MainScreenView.swift in Sources */,
				271CB25F27D656A800615359 /* ArcadeGameLogic.swift in Sources */,
				271CB25327D6569700615359 /* ContentView.swift in Sources */,
				271CB27227D74CB900615359 /* GameScoreView.swift in Sources */,
				271CB25127D6569700615359 /* ArcadeGameTemplateApp.swift in Sources */,
				271CB26B27D6659600615359 /* Constants.swift in Sources */,
				271CB26827D6570800615359 /* GameOverView.swift in Sources */,
				271CB26327D656C100615359 /* ArcadeGameView.swift in Sources */,
			);
			runOnlyForDeploymentPostprocessing = 0;
		};
/* End PBXSourcesBuildPhase section */

/* Begin XCBuildConfiguration section */
		271CB25927D6569900615359 /* Debug */ = {
			isa = XCBuildConfiguration;
			buildSettings = {
				ALWAYS_SEARCH_USER_PATHS = NO;
				CLANG_ANALYZER_NONNULL = YES;
				CLANG_ANALYZER_NUMBER_OBJECT_CONVERSION = YES_AGGRESSIVE;
				CLANG_CXX_LANGUAGE_STANDARD = "gnu++17";
				CLANG_CXX_LIBRARY = "libc++";
				CLANG_ENABLE_MODULES = YES;
				CLANG_ENABLE_OBJC_ARC = YES;
				CLANG_ENABLE_OBJC_WEAK = YES;
				CLANG_WARN_BLOCK_CAPTURE_AUTORELEASING = YES;
				CLANG_WARN_BOOL_CONVERSION = YES;
				CLANG_WARN_COMMA = YES;
				CLANG_WARN_CONSTANT_CONVERSION = YES;
				CLANG_WARN_DEPRECATED_OBJC_IMPLEMENTATIONS = YES;
				CLANG_WARN_DIRECT_OBJC_ISA_USAGE = YES_ERROR;
				CLANG_WARN_DOCUMENTATION_COMMENTS = YES;
				CLANG_WARN_EMPTY_BODY = YES;
				CLANG_WARN_ENUM_CONVERSION = YES;
				CLANG_WARN_INFINITE_RECURSION = YES;
				CLANG_WARN_INT_CONVERSION = YES;
				CLANG_WARN_NON_LITERAL_NULL_CONVERSION = YES;
				CLANG_WARN_OBJC_IMPLICIT_RETAIN_SELF = YES;
				CLANG_WARN_OBJC_LITERAL_CONVERSION = YES;
				CLANG_WARN_OBJC_ROOT_CLASS = YES_ERROR;
				CLANG_WARN_QUOTED_INCLUDE_IN_FRAMEWORK_HEADER = YES;
				CLANG_WARN_RANGE_LOOP_ANALYSIS = YES;
				CLANG_WARN_STRICT_PROTOTYPES = YES;
				CLANG_WARN_SUSPICIOUS_MOVE = YES;
				CLANG_WARN_UNGUARDED_AVAILABILITY = YES_AGGRESSIVE;
				CLANG_WARN_UNREACHABLE_CODE = YES;
				CLANG_WARN__DUPLICATE_METHOD_MATCH = YES;
				COPY_PHASE_STRIP = NO;
				DEBUG_INFORMATION_FORMAT = dwarf;
				ENABLE_STRICT_OBJC_MSGSEND = YES;
				ENABLE_TESTABILITY = YES;
				ENABLE_USER_SCRIPT_SANDBOXING = YES;
				GCC_C_LANGUAGE_STANDARD = gnu11;
				GCC_DYNAMIC_NO_PIC = NO;
				GCC_NO_COMMON_BLOCKS = YES;
				GCC_OPTIMIZATION_LEVEL = 0;
				GCC_PREPROCESSOR_DEFINITIONS = (
					"DEBUG=1",
					"$(inherited)",
				);
				GCC_WARN_64_TO_32_BIT_CONVERSION = YES;
				GCC_WARN_ABOUT_RETURN_TYPE = YES_ERROR;
				GCC_WARN_UNDECLARED_SELECTOR = YES;
				GCC_WARN_UNINITIALIZED_AUTOS = YES_AGGRESSIVE;
				GCC_WARN_UNUSED_FUNCTION = YES;
				GCC_WARN_UNUSED_VARIABLE = YES;
				IPHONEOS_DEPLOYMENT_TARGET = 15.2;
				MTL_ENABLE_DEBUG_INFO = INCLUDE_SOURCE;
				MTL_FAST_MATH = YES;
				ONLY_ACTIVE_ARCH = YES;
				SDKROOT = iphoneos;
				SWIFT_ACTIVE_COMPILATION_CONDITIONS = DEBUG;
				SWIFT_OPTIMIZATION_LEVEL = "-Onone";
			};
			name = Debug;
		};
		271CB25A27D6569900615359 /* Release */ = {
			isa = XCBuildConfiguration;
			buildSettings = {
				ALWAYS_SEARCH_USER_PATHS = NO;
				CLANG_ANALYZER_NONNULL = YES;
				CLANG_ANALYZER_NUMBER_OBJECT_CONVERSION = YES_AGGRESSIVE;
				CLANG_CXX_LANGUAGE_STANDARD = "gnu++17";
				CLANG_CXX_LIBRARY = "libc++";
				CLANG_ENABLE_MODULES = YES;
				CLANG_ENABLE_OBJC_ARC = YES;
				CLANG_ENABLE_OBJC_WEAK = YES;
				CLANG_WARN_BLOCK_CAPTURE_AUTORELEASING = YES;
				CLANG_WARN_BOOL_CONVERSION = YES;
				CLANG_WARN_COMMA = YES;
				CLANG_WARN_CONSTANT_CONVERSION = YES;
				CLANG_WARN_DEPRECATED_OBJC_IMPLEMENTATIONS = YES;
				CLANG_WARN_DIRECT_OBJC_ISA_USAGE = YES_ERROR;
				CLANG_WARN_DOCUMENTATION_COMMENTS = YES;
				CLANG_WARN_EMPTY_BODY = YES;
				CLANG_WARN_ENUM_CONVERSION = YES;
				CLANG_WARN_INFINITE_RECURSION = YES;
				CLANG_WARN_INT_CONVERSION = YES;
				CLANG_WARN_NON_LITERAL_NULL_CONVERSION = YES;
				CLANG_WARN_OBJC_IMPLICIT_RETAIN_SELF = YES;
				CLANG_WARN_OBJC_LITERAL_CONVERSION = YES;
				CLANG_WARN_OBJC_ROOT_CLASS = YES_ERROR;
				CLANG_WARN_QUOTED_INCLUDE_IN_FRAMEWORK_HEADER = YES;
				CLANG_WARN_RANGE_LOOP_ANALYSIS = YES;
				CLANG_WARN_STRICT_PROTOTYPES = YES;
				CLANG_WARN_SUSPICIOUS_MOVE = YES;
				CLANG_WARN_UNGUARDED_AVAILABILITY = YES_AGGRESSIVE;
				CLANG_WARN_UNREACHABLE_CODE = YES;
				CLANG_WARN__DUPLICATE_METHOD_MATCH = YES;
				COPY_PHASE_STRIP = NO;
				DEBUG_INFORMATION_FORMAT = "dwarf-with-dsym";
				ENABLE_NS_ASSERTIONS = NO;
				ENABLE_STRICT_OBJC_MSGSEND = YES;
				ENABLE_USER_SCRIPT_SANDBOXING = YES;
				GCC_C_LANGUAGE_STANDARD = gnu11;
				GCC_NO_COMMON_BLOCKS = YES;
				GCC_WARN_64_TO_32_BIT_CONVERSION = YES;
				GCC_WARN_ABOUT_RETURN_TYPE = YES_ERROR;
				GCC_WARN_UNDECLARED_SELECTOR = YES;
				GCC_WARN_UNINITIALIZED_AUTOS = YES_AGGRESSIVE;
				GCC_WARN_UNUSED_FUNCTION = YES;
				GCC_WARN_UNUSED_VARIABLE = YES;
				IPHONEOS_DEPLOYMENT_TARGET = 15.2;
				MTL_ENABLE_DEBUG_INFO = NO;
				MTL_FAST_MATH = YES;
				SDKROOT = iphoneos;
				SWIFT_COMPILATION_MODE = wholemodule;
				SWIFT_OPTIMIZATION_LEVEL = "-O";
				VALIDATE_PRODUCT = YES;
			};
			name = Release;
		};
		271CB25C27D6569900615359 /* Debug */ = {
			isa = XCBuildConfiguration;
			buildSettings = {
				ASSETCATALOG_COMPILER_APPICON_NAME = AppIcon;
				ASSETCATALOG_COMPILER_GLOBAL_ACCENT_COLOR_NAME = AccentColor;
				CODE_SIGN_STYLE = Automatic;
				CURRENT_PROJECT_VERSION = 1;
				DEVELOPMENT_ASSET_PATHS = "\"ArcadeGameTemplate/Preview Content\"";
				DEVELOPMENT_TEAM = 6KG7K2WG9J;
				ENABLE_PREVIEWS = YES;
				GENERATE_INFOPLIST_FILE = YES;
				INFOPLIST_KEY_LSApplicationCategoryType = "public.app-category.arcade-games";
				INFOPLIST_KEY_UIApplicationSceneManifest_Generation = YES;
				INFOPLIST_KEY_UIApplicationSupportsIndirectInputEvents = YES;
				INFOPLIST_KEY_UILaunchScreen_Generation = YES;
				INFOPLIST_KEY_UIStatusBarHidden = YES;
				INFOPLIST_KEY_UISupportedInterfaceOrientations = UIInterfaceOrientationPortrait;
				INFOPLIST_KEY_UISupportedInterfaceOrientations_iPad = "UIInterfaceOrientationLandscapeLeft UIInterfaceOrientationLandscapeRight UIInterfaceOrientationPortrait UIInterfaceOrientationPortraitUpsideDown";
				IPHONEOS_DEPLOYMENT_TARGET = 17.0;
				LD_RUNPATH_SEARCH_PATHS = (
					"$(inherited)",
					"@executable_path/Frameworks",
				);
				MARKETING_VERSION = 1.0;
				PRODUCT_BUNDLE_IDENTIFIER = com.fonztara.;
				PRODUCT_NAME = "$(TARGET_NAME)";
				SUPPORTED_PLATFORMS = "iphoneos iphonesimulator";
				SUPPORTS_MACCATALYST = NO;
				SUPPORTS_MAC_DESIGNED_FOR_IPHONE_IPAD = NO;
				SUPPORTS_XR_DESIGNED_FOR_IPHONE_IPAD = NO;
				SWIFT_EMIT_LOC_STRINGS = YES;
				SWIFT_VERSION = 5.0;
				TARGETED_DEVICE_FAMILY = 1;
			};
			name = Debug;
		};
		271CB25D27D6569900615359 /* Release */ = {
			isa = XCBuildConfiguration;
			buildSettings = {
				ASSETCATALOG_COMPILER_APPICON_NAME = AppIcon;
				ASSETCATALOG_COMPILER_GLOBAL_ACCENT_COLOR_NAME = AccentColor;
				CODE_SIGN_STYLE = Automatic;
				CURRENT_PROJECT_VERSION = 1;
				DEVELOPMENT_ASSET_PATHS = "\"ArcadeGameTemplate/Preview Content\"";
				DEVELOPMENT_TEAM = 6KG7K2WG9J;
				ENABLE_PREVIEWS = YES;
				GENERATE_INFOPLIST_FILE = YES;
				INFOPLIST_KEY_LSApplicationCategoryType = "public.app-category.arcade-games";
				INFOPLIST_KEY_UIApplicationSceneManifest_Generation = YES;
				INFOPLIST_KEY_UIApplicationSupportsIndirectInputEvents = YES;
				INFOPLIST_KEY_UILaunchScreen_Generation = YES;
				INFOPLIST_KEY_UIStatusBarHidden = YES;
				INFOPLIST_KEY_UISupportedInterfaceOrientations = UIInterfaceOrientationPortrait;
				INFOPLIST_KEY_UISupportedInterfaceOrientations_iPad = "UIInterfaceOrientationLandscapeLeft UIInterfaceOrientationLandscapeRight UIInterfaceOrientationPortrait UIInterfaceOrientationPortraitUpsideDown";
				IPHONEOS_DEPLOYMENT_TARGET = 17.0;
				LD_RUNPATH_SEARCH_PATHS = (
					"$(inherited)",
					"@executable_path/Frameworks",
				);
				MARKETING_VERSION = 1.0;
				PRODUCT_BUNDLE_IDENTIFIER = com.fonztara.;
				PRODUCT_NAME = "$(TARGET_NAME)";
				SUPPORTED_PLATFORMS = "iphoneos iphonesimulator";
				SUPPORTS_MACCATALYST = NO;
				SUPPORTS_MAC_DESIGNED_FOR_IPHONE_IPAD = NO;
				SUPPORTS_XR_DESIGNED_FOR_IPHONE_IPAD = NO;
				SWIFT_EMIT_LOC_STRINGS = YES;
				SWIFT_VERSION = 5.0;
				TARGETED_DEVICE_FAMILY = 1;
			};
			name = Release;
		};
/* End XCBuildConfiguration section */

/* Begin XCConfigurationList section */
		271CB24827D6569700615359 /* Build configuration list for PBXProject "ArcadeGameTemplate" */ = {
			isa = XCConfigurationList;
			buildConfigurations = (
				271CB25927D6569900615359 /* Debug */,
				271CB25A27D6569900615359 /* Release */,
			);
			defaultConfigurationIsVisible = 0;
			defaultConfigurationName = Release;
		};
		271CB25B27D6569900615359 /* Build configuration list for PBXNativeTarget "ArcadeGameTemplate" */ = {
			isa = XCConfigurationList;
			buildConfigurations = (
				271CB25C27D6569900615359 /* Debug */,
				271CB25D27D6569900615359 /* Release */,
			);
			defaultConfigurationIsVisible = 0;
			defaultConfigurationName = Release;
		};
/* End XCConfigurationList section */
	};
	rootObject = 271CB24527D6569700615359 /* Project object */;
}
